
Microsoft Visual Studio Solution File, Format Version 12.00
# Visual Studio Version 17
VisualStudioVersion = 17.0.32014.148
MinimumVisualStudioVersion = 10.0.40219.1
Project("{FAE04EC0-301F-11D3-BF4B-00C04F79EFBC}") = "Factory Method Pattern", "Factory Method Pattern\Factory Method Pattern.csproj", "{FC3AED7C-F416-412C-9027-CD8419557E6E}"
EndProject
Global
	GlobalSection(SolutionConfigurationPlatforms) = preSolution
		Debug|Any CPU = Debug|Any CPU
		Release|Any CPU = Release|Any CPU
	EndGlobalSection
	GlobalSection(ProjectConfigurationPlatforms) = postSolution
		{FC3AED7C-F416-412C-9027-CD8419557E6E}.Debug|Any CPU.ActiveCfg = Debug|Any CPU
		{FC3AED7C-F416-412C-9027-CD8419557E6E}.Debug|Any CPU.Build.0 = Debug|Any CPU
		{FC3AED7C-F416-412C-9027-CD8419557E6E}.Release|Any CPU.ActiveCfg = Release|Any CPU
		{FC3AED7C-F416-412C-9027-CD8419557E6E}.Release|Any CPU.Build.0 = Release|Any CPU
	EndGlobalSection
	GlobalSection(SolutionProperties) = preSolution
		HideSolutionNode = FALSE
	EndGlobalSection
	GlobalSection(ExtensibilityGlobals) = postSolution
		SolutionGuid = {1944A952-D61A-4DA5-A944-A2BE588FDCD0}
	EndGlobalSection
EndGlobal
